{
  "lockfileVersion": 1,
  "configVersion": 1,
  "workspaces": {
    "": {
      "name": "electron-agent-bridge",
      "dependencies": {
        "chrome-remote-interface": "^0.34.0",
      },
      "devDependencies": {
        "@types/node": "^20.0.0",
        "typescript": "^5.5.0",
      },
    },
  },
  "packages": {
    "@types/node": ["@types/node@20.19.41", "", { "dependencies": { "undici-types": "~6.21.0" } }, "sha512-ECymXOukMnOoVkC2bb1Vc/w/836DXncOg5m8Xj1RH7xSHZJWNYY6Zh7EH477vcnD5egKNNfy2RpNOmuChhFPgQ=="],

    "chrome-remote-interface": ["chrome-remote-interface@0.34.0", "", { "dependencies": { "commander": "2.11.x", "ws": "^7.2.0" }, "bin": { "chrome-remote-interface": "bin/client.js" } }, "sha512-rTTcTZ3zemx8I+nvBii7d8BAF0Ms8LLEroypfvwwZOwSpyNGLE28nStXyCA6VwGp2YSQfmCrQH21F/E+oBFvMw=="],

    "commander": ["commander@2.11.0", "", {}, "sha512-b0553uYA5YAEGgyYIGYROzKQ7X5RAqedkfjiZxwi0kL1g3bOaBNNZfYkzt/CL0umgD5wc9Jec2FbB98CjkMRvQ=="],

    "typescript": ["typescript@5.9.3", "", { "bin": { "tsc": "bin/tsc", "tsserver": "bin/tsserver" } }, "sha512-jl1vZzPDinLr9eUt3J/t7V6FgNEw9QjvBPdysz9KfQDD41fQrC2Y4vKQdiaUpFT4bXlb1RHhLpp8wtm6M5TgSw=="],

    "undici-types": ["undici-types@6.21.0", "", {}, "sha512-iwDZqg0QAGrg9Rav5H4n0M64c3mkR59cJ6wQp+7C4nI0gsmExaedaYLNO44eT4AtBBwjbTiGPMlt2Md0T9H9JQ=="],

    "ws": ["ws@7.5.11", "", { "peerDependencies": { "bufferutil": "^4.0.1", "utf-8-validate": "^5.0.2" }, "optionalPeers": ["bufferutil", "utf-8-validate"] }, "sha512-zS54Oen9bITtp7kp2XM3AydrCIq1D+HwJOuH+c+e4LfpL/lotP5osijd+UoMnxwAam1GN8R4KtLAyIrIcBNpiA=="],
  }
}
